<?xml version="1.0" encoding="utf-8"?>
<Project ToolsVersion="4.0" xmlns="http://schemas.microsoft.com/developer/msbuild/2003">
  <ItemGroup>
    <ClCompile Include="GameApp.cpp" />
    <ClCompile Include="main.cpp" />
    <ClCompile Include="stdafx.cpp" />
    <ClCompile Include="GameState.cpp">
      <Filter>GameState</Filter>
    </ClCompile>
    <ClCompile Include="World.cpp">
      <Filter>GameData</Filter>
    </ClCompile>
    <ClCompile Include="Map.cpp">
      <Filter>GameData\Map</Filter>
    </ClCompile>
    <ClCompile Include="Tile.cpp">
      <Filter>GameData\Map</Filter>
    </ClCompile>
  </ItemGroup>
  <ItemGroup>
    <ClInclude Include="GameApp.h" />
    <ClInclude Include="stdafx.h" />
    <ClInclude Include="IState.h">
      <Filter>GameState</Filter>
    </ClInclude>
    <ClInclude Include="Viewport.h">
      <Filter>Framework</Filter>
    </ClInclude>
    <ClInclude Include="GameState.h">
      <Filter>GameState</Filter>
    </ClInclude>
    <ClInclude Include="World.h">
      <Filter>GameData</Filter>
    </ClInclude>
    <ClInclude Include="Map.h">
      <Filter>GameData\Map</Filter>
    </ClInclude>
    <ClInclude Include="Tile.h">
      <Filter>GameData\Map</Filter>
    </ClInclude>
  </ItemGroup>
  <ItemGroup>
    <Filter Include="GameState">
      <UniqueIdentifier>{87517e94-dfdd-4c47-ac2a-b982b2572a8a}</UniqueIdentifier>
    </Filter>
    <Filter Include="Framework">
      <UniqueIdentifier>{c8700de9-c090-40d6-9078-97901b97f906}</UniqueIdentifier>
    </Filter>
    <Filter Include="GameData">
      <UniqueIdentifier>{d8eb708d-bef5-4ff3-aec1-06bbfce0e9f5}</UniqueIdentifier>
    </Filter>
    <Filter Include="GameData\Map">
      <UniqueIdentifier>{015a035c-0c4c-4e9f-b773-d6ee0c4e89c9}</UniqueIdentifier>
    </Filter>
  </ItemGroup>
</Project>